
Microsoft Visual Studio Solution File, Format Version 12.00
# Visual Studio Version 16
VisualStudioVersion = 16.0.30413.136
MinimumVisualStudioVersion = 10.0.40219.1
Project("{FAE04EC0-301F-11D3-BF4B-00C04F79EFBC}") = "AudioLayersMerger", "AudioLayersMerger\AudioLayersMerger.csproj", "{A70861D0-C9B1-4B3C-BED6-79F2BA45DDEB}"
EndProject
Project("{FAE04EC0-301F-11D3-BF4B-00C04F79EFBC}") = "AudioLayersMerger.AudioManager", "AudioLayersMerger.AudioManager\AudioLayersMerger.AudioManager.csproj", "{8224D720-0072-4228-8191-B7CCE5B02398}"
EndProject
Global
	GlobalSection(SolutionConfigurationPlatforms) = preSolution
		Debug|Any CPU = Debug|Any CPU
		Release|Any CPU = Release|Any CPU
	EndGlobalSection
	GlobalSection(ProjectConfigurationPlatforms) = postSolution
		{A70861D0-C9B1-4B3C-BED6-79F2BA45DDEB}.Debug|Any CPU.ActiveCfg = Debug|Any CPU
		{A70861D0-C9B1-4B3C-BED6-79F2BA45DDEB}.Debug|Any CPU.Build.0 = Debug|Any CPU
		{A70861D0-C9B1-4B3C-BED6-79F2BA45DDEB}.Release|Any CPU.ActiveCfg = Release|Any CPU
		{A70861D0-C9B1-4B3C-BED6-79F2BA45DDEB}.Release|Any CPU.Build.0 = Release|Any CPU
		{8224D720-0072-4228-8191-B7CCE5B02398}.Debug|Any CPU.ActiveCfg = Debug|Any CPU
		{8224D720-0072-4228-8191-B7CCE5B02398}.Debug|Any CPU.Build.0 = Debug|Any CPU
		{8224D720-0072-4228-8191-B7CCE5B02398}.Release|Any CPU.ActiveCfg = Release|Any CPU
		{8224D720-0072-4228-8191-B7CCE5B02398}.Release|Any CPU.Build.0 = Release|Any CPU
	EndGlobalSection
	GlobalSection(SolutionProperties) = preSolution
		HideSolutionNode = FALSE
	EndGlobalSection
	GlobalSection(ExtensibilityGlobals) = postSolution
		SolutionGuid = {0B8111CD-1E04-485F-86B1-549E1D6F8A36}
	EndGlobalSection
EndGlobal
